
Microsoft Visual Studio Solution File, Format Version 12.00
# Visual Studio Version 17
VisualStudioVersion = 17.9.34607.119
MinimumVisualStudioVersion = 10.0.40219.1
Project("{FAE04EC0-301F-11D3-BF4B-00C04F79EFBC}") = "ChallengeApp", "ChallengeApp\ChallengeApp.csproj", "{E5F82745-CB29-4253-8A5A-256EF4B0C3F6}"
EndProject
Global
	GlobalSection(SolutionConfigurationPlatforms) = preSolution
		Debug|Any CPU = Debug|Any CPU
		Release|Any CPU = Release|Any CPU
	EndGlobalSection
	GlobalSection(ProjectConfigurationPlatforms) = postSolution
		{E5F82745-CB29-4253-8A5A-256EF4B0C3F6}.Debug|Any CPU.ActiveCfg = Debug|Any CPU
		{E5F82745-CB29-4253-8A5A-256EF4B0C3F6}.Debug|Any CPU.Build.0 = Debug|Any CPU
		{E5F82745-CB29-4253-8A5A-256EF4B0C3F6}.Release|Any CPU.ActiveCfg = Release|Any CPU
		{E5F82745-CB29-4253-8A5A-256EF4B0C3F6}.Release|Any CPU.Build.0 = Release|Any CPU
	EndGlobalSection
	GlobalSection(SolutionProperties) = preSolution
		HideSolutionNode = FALSE
	EndGlobalSection
	GlobalSection(ExtensibilityGlobals) = postSolution
		SolutionGuid = {2141247B-836C-482A-B39B-C6521B498C46}
	EndGlobalSection
EndGlobal
